
Microsoft Visual Studio Solution File, Format Version 12.00
# Visual Studio Version 17
VisualStudioVersion = 17.8.34525.116
MinimumVisualStudioVersion = 10.0.40219.1
Project("{FAE04EC0-301F-11D3-BF4B-00C04F79EFBC}") = "MatrixMultiplication", "MatrixMultiplication\MatrixMultiplication.csproj", "{7D7D2783-A5BA-4576-B48D-61CA134EE575}"
EndProject
Project("{FAE04EC0-301F-11D3-BF4B-00C04F79EFBC}") = "MatrixSum", "MatrixSum\MatrixSum.csproj", "{3A77A29D-2E30-4756-9DA5-8BF0C7F80161}"
EndProject
Global
	GlobalSection(SolutionConfigurationPlatforms) = preSolution
		Debug|Any CPU = Debug|Any CPU
		Release|Any CPU = Release|Any CPU
	EndGlobalSection
	GlobalSection(ProjectConfigurationPlatforms) = postSolution
		{7D7D2783-A5BA-4576-B48D-61CA134EE575}.Debug|Any CPU.ActiveCfg = Debug|Any CPU
		{7D7D2783-A5BA-4576-B48D-61CA134EE575}.Debug|Any CPU.Build.0 = Debug|Any CPU
		{7D7D2783-A5BA-4576-B48D-61CA134EE575}.Release|Any CPU.ActiveCfg = Release|Any CPU
		{7D7D2783-A5BA-4576-B48D-61CA134EE575}.Release|Any CPU.Build.0 = Release|Any CPU
		{3A77A29D-2E30-4756-9DA5-8BF0C7F80161}.Debug|Any CPU.ActiveCfg = Debug|Any CPU
		{3A77A29D-2E30-4756-9DA5-8BF0C7F80161}.Debug|Any CPU.Build.0 = Debug|Any CPU
		{3A77A29D-2E30-4756-9DA5-8BF0C7F80161}.Release|Any CPU.ActiveCfg = Release|Any CPU
		{3A77A29D-2E30-4756-9DA5-8BF0C7F80161}.Release|Any CPU.Build.0 = Release|Any CPU
	EndGlobalSection
	GlobalSection(SolutionProperties) = preSolution
		HideSolutionNode = FALSE
	EndGlobalSection
	GlobalSection(ExtensibilityGlobals) = postSolution
		SolutionGuid = {196FE96E-7D8E-4AF6-BE5F-4B7013858EE3}
	EndGlobalSection
EndGlobal
